
Microsoft Visual Studio Solution File, Format Version 12.00
# Visual Studio 15
VisualStudioVersion = 15.0.27428.2005
MinimumVisualStudioVersion = 10.0.40219.1
Project("{FAE04EC0-301F-11D3-BF4B-00C04F79EFBC}") = "CustomSpeechServiceSample", "CustomSpeechServiceSample\CustomSpeechServiceSample.csproj", "{1A758071-5BC8-484D-A225-4F1659C8D08D}"
EndProject
Global
	GlobalSection(SolutionConfigurationPlatforms) = preSolution
		Debug|Any CPU = Debug|Any CPU
		Release|Any CPU = Release|Any CPU
	EndGlobalSection
	GlobalSection(ProjectConfigurationPlatforms) = postSolution
		{1A758071-5BC8-484D-A225-4F1659C8D08D}.Debug|Any CPU.ActiveCfg = Debug|Any CPU
		{1A758071-5BC8-484D-A225-4F1659C8D08D}.Debug|Any CPU.Build.0 = Debug|Any CPU
		{1A758071-5BC8-484D-A225-4F1659C8D08D}.Release|Any CPU.ActiveCfg = Release|Any CPU
		{1A758071-5BC8-484D-A225-4F1659C8D08D}.Release|Any CPU.Build.0 = Release|Any CPU
	EndGlobalSection
	GlobalSection(SolutionProperties) = preSolution
		HideSolutionNode = FALSE
	EndGlobalSection
	GlobalSection(ExtensibilityGlobals) = postSolution
		SolutionGuid = {32C01E64-9130-4BEB-AB90-63F8F4E85276}
	EndGlobalSection
EndGlobal
